
Microsoft Visual Studio Solution File, Format Version 12.00
# Visual Studio 15
VisualStudioVersion = 15.0.27703.2035
MinimumVisualStudioVersion = 10.0.40219.1
Project("{F2A71F9B-5D33-465A-A702-920D77279786}") = "budgetcrisisapi", "budgetcrisisapi\budgetcrisisapi.fsproj", "{D51F8768-8D28-4047-AB62-5644394C6A96}"
EndProject
Global
	GlobalSection(SolutionConfigurationPlatforms) = preSolution
		Debug|Any CPU = Debug|Any CPU
		Release|Any CPU = Release|Any CPU
	EndGlobalSection
	GlobalSection(ProjectConfigurationPlatforms) = postSolution
		{D51F8768-8D28-4047-AB62-5644394C6A96}.Debug|Any CPU.ActiveCfg = Debug|Any CPU
		{D51F8768-8D28-4047-AB62-5644394C6A96}.Debug|Any CPU.Build.0 = Debug|Any CPU
		{D51F8768-8D28-4047-AB62-5644394C6A96}.Release|Any CPU.ActiveCfg = Release|Any CPU
		{D51F8768-8D28-4047-AB62-5644394C6A96}.Release|Any CPU.Build.0 = Release|Any CPU
	EndGlobalSection
	GlobalSection(SolutionProperties) = preSolution
		HideSolutionNode = FALSE
	EndGlobalSection
	GlobalSection(ExtensibilityGlobals) = postSolution
		SolutionGuid = {A9372EE2-87B3-4F03-8FE2-16F4232FD12E}
	EndGlobalSection
EndGlobal
